
Microsoft Visual Studio Solution File, Format Version 12.00
# Visual Studio Version 16
VisualStudioVersion = 16.0.31605.320
MinimumVisualStudioVersion = 10.0.40219.1
Project("{9A19103F-16F7-4668-BE54-9A1E7A4F7556}") = "StuffFinder.Domain", "StuffFinder.Domain\StuffFinder.Domain.csproj", "{46746A85-90E5-4C83-B7C3-67EB5FF05ECE}"
EndProject
Project("{9A19103F-16F7-4668-BE54-9A1E7A4F7556}") = "StuffFinder.Infrastructure", "StuffFinder.Infrastructure\StuffFinder.Infrastructure.csproj", "{0A02D494-9E6A-494F-AF72-D0A48DBFE19A}"
EndProject
Global
	GlobalSection(SolutionConfigurationPlatforms) = preSolution
		Debug|Any CPU = Debug|Any CPU
		Release|Any CPU = Release|Any CPU
	EndGlobalSection
	GlobalSection(ProjectConfigurationPlatforms) = postSolution
		{46746A85-90E5-4C83-B7C3-67EB5FF05ECE}.Debug|Any CPU.ActiveCfg = Debug|Any CPU
		{46746A85-90E5-4C83-B7C3-67EB5FF05ECE}.Debug|Any CPU.Build.0 = Debug|Any CPU
		{46746A85-90E5-4C83-B7C3-67EB5FF05ECE}.Release|Any CPU.ActiveCfg = Release|Any CPU
		{46746A85-90E5-4C83-B7C3-67EB5FF05ECE}.Release|Any CPU.Build.0 = Release|Any CPU
		{0A02D494-9E6A-494F-AF72-D0A48DBFE19A}.Debug|Any CPU.ActiveCfg = Debug|Any CPU
		{0A02D494-9E6A-494F-AF72-D0A48DBFE19A}.Debug|Any CPU.Build.0 = Debug|Any CPU
		{0A02D494-9E6A-494F-AF72-D0A48DBFE19A}.Release|Any CPU.ActiveCfg = Release|Any CPU
		{0A02D494-9E6A-494F-AF72-D0A48DBFE19A}.Release|Any CPU.Build.0 = Release|Any CPU
	EndGlobalSection
	GlobalSection(SolutionProperties) = preSolution
		HideSolutionNode = FALSE
	EndGlobalSection
	GlobalSection(ExtensibilityGlobals) = postSolution
		SolutionGuid = {66AC06C2-5B1B-4668-AF9B-05809805A1E6}
	EndGlobalSection
EndGlobal
